
Microsoft Visual Studio Solution File, Format Version 12.00
# Visual Studio Version 17
VisualStudioVersion = 17.0.31903.59
MinimumVisualStudioVersion = 10.0.40219.1
Project("{FAE04EC0-301F-11D3-BF4B-00C04F79EFBC}") = "QuantityMeasurementApp.Tests", "QuantityMeasurementApp.Tests\QuantityMeasurementApp.Tests.csproj", "{F85A14F3-1ECD-4464-893D-9C74E1B7F940}"
EndProject
Project("{FAE04EC0-301F-11D3-BF4B-00C04F79EFBC}") = "ControllerLayer", "ControllerLayer\ControllerLayer.csproj", "{BE7AE6D1-AC79-4650-AC68-F237A3EE6B5B}"
EndProject
Project("{FAE04EC0-301F-11D3-BF4B-00C04F79EFBC}") = "RepoLayer", "RepoLayer\RepoLayer.csproj", "{47CBC0C7-3ECE-470A-828B-DE845ED9428D}"
EndProject
Project("{FAE04EC0-301F-11D3-BF4B-00C04F79EFBC}") = "ModelLayer", "ModelLayer\ModelLayer.csproj", "{D4F25AD3-818B-4C3F-AF66-59CE0F54C1D1}"
EndProject
Project("{FAE04EC0-301F-11D3-BF4B-00C04F79EFBC}") = "BusinessLayer", "BusinessLayer\BusinessLayer.csproj", "{43F8C150-A2E1-4F63-BC2A-15CE2E76B0F4}"
EndProject
Global
	GlobalSection(SolutionConfigurationPlatforms) = preSolution
		Debug|Any CPU = Debug|Any CPU
		Debug|x64 = Debug|x64
		Debug|x86 = Debug|x86
		Release|Any CPU = Release|Any CPU
		Release|x64 = Release|x64
		Release|x86 = Release|x86
	EndGlobalSection
	GlobalSection(ProjectConfigurationPlatforms) = postSolution
		{F85A14F3-1ECD-4464-893D-9C74E1B7F940}.Debug|Any CPU.ActiveCfg = Debug|Any CPU
		{F85A14F3-1ECD-4464-893D-9C74E1B7F940}.Debug|Any CPU.Build.0 = Debug|Any CPU
		{F85A14F3-1ECD-4464-893D-9C74E1B7F940}.Debug|x64.ActiveCfg = Debug|Any CPU
		{F85A14F3-1ECD-4464-893D-9C74E1B7F940}.Debug|x64.Build.0 = Debug|Any CPU
		{F85A14F3-1ECD-4464-893D-9C74E1B7F940}.Debug|x86.ActiveCfg = Debug|Any CPU
		{F85A14F3-1ECD-4464-893D-9C74E1B7F940}.Debug|x86.Build.0 = Debug|Any CPU
		{F85A14F3-1ECD-4464-893D-9C74E1B7F940}.Release|Any CPU.ActiveCfg = Release|Any CPU
		{F85A14F3-1ECD-4464-893D-9C74E1B7F940}.Release|Any CPU.Build.0 = Release|Any CPU
		{F85A14F3-1ECD-4464-893D-9C74E1B7F940}.Release|x64.ActiveCfg = Release|Any CPU
		{F85A14F3-1ECD-4464-893D-9C74E1B7F940}.Release|x64.Build.0 = Release|Any CPU
		{F85A14F3-1ECD-4464-893D-9C74E1B7F940}.Release|x86.ActiveCfg = Release|Any CPU
		{F85A14F3-1ECD-4464-893D-9C74E1B7F940}.Release|x86.Build.0 = Release|Any CPU
		{BE7AE6D1-AC79-4650-AC68-F237A3EE6B5B}.Debug|Any CPU.ActiveCfg = Debug|Any CPU
		{BE7AE6D1-AC79-4650-AC68-F237A3EE6B5B}.Debug|Any CPU.Build.0 = Debug|Any CPU
		{BE7AE6D1-AC79-4650-AC68-F237A3EE6B5B}.Debug|x64.ActiveCfg = Debug|Any CPU
		{BE7AE6D1-AC79-4650-AC68-F237A3EE6B5B}.Debug|x64.Build.0 = Debug|Any CPU
		{BE7AE6D1-AC79-4650-AC68-F237A3EE6B5B}.Debug|x86.ActiveCfg = Debug|Any CPU
		{BE7AE6D1-AC79-4650-AC68-F237A3EE6B5B}.Debug|x86.Build.0 = Debug|Any CPU
		{BE7AE6D1-AC79-4650-AC68-F237A3EE6B5B}.Release|Any CPU.ActiveCfg = Release|Any CPU
		{BE7AE6D1-AC79-4650-AC68-F237A3EE6B5B}.Release|Any CPU.Build.0 = Release|Any CPU
		{BE7AE6D1-AC79-4650-AC68-F237A3EE6B5B}.Release|x64.ActiveCfg = Release|Any CPU
		{BE7AE6D1-AC79-4650-AC68-F237A3EE6B5B}.Release|x64.Build.0 = Release|Any CPU
		{BE7AE6D1-AC79-4650-AC68-F237A3EE6B5B}.Release|x86.ActiveCfg = Release|Any CPU
		{BE7AE6D1-AC79-4650-AC68-F237A3EE6B5B}.Release|x86.Build.0 = Release|Any CPU
		{47CBC0C7-3ECE-470A-828B-DE845ED9428D}.Debug|Any CPU.ActiveCfg = Debug|Any CPU
		{47CBC0C7-3ECE-470A-828B-DE845ED9428D}.Debug|Any CPU.Build.0 = Debug|Any CPU
		{47CBC0C7-3ECE-470A-828B-DE845ED9428D}.Debug|x64.ActiveCfg = Debug|Any CPU
		{47CBC0C7-3ECE-470A-828B-DE845ED9428D}.Debug|x64.Build.0 = Debug|Any CPU
		{47CBC0C7-3ECE-470A-828B-DE845ED9428D}.Debug|x86.ActiveCfg = Debug|Any CPU
		{47CBC0C7-3ECE-470A-828B-DE845ED9428D}.Debug|x86.Build.0 = Debug|Any CPU
		{47CBC0C7-3ECE-470A-828B-DE845ED9428D}.Release|Any CPU.ActiveCfg = Release|Any CPU
		{47CBC0C7-3ECE-470A-828B-DE845ED9428D}.Release|Any CPU.Build.0 = Release|Any CPU
		{47CBC0C7-3ECE-470A-828B-DE845ED9428D}.Release|x64.ActiveCfg = Release|Any CPU
		{47CBC0C7-3ECE-470A-828B-DE845ED9428D}.Release|x64.Build.0 = Release|Any CPU
		{47CBC0C7-3ECE-470A-828B-DE845ED9428D}.Release|x86.ActiveCfg = Release|Any CPU
		{47CBC0C7-3ECE-470A-828B-DE845ED9428D}.Release|x86.Build.0 = Release|Any CPU
		{D4F25AD3-818B-4C3F-AF66-59CE0F54C1D1}.Debug|Any CPU.ActiveCfg = Debug|Any CPU
		{D4F25AD3-818B-4C3F-AF66-59CE0F54C1D1}.Debug|Any CPU.Build.0 = Debug|Any CPU
		{D4F25AD3-818B-4C3F-AF66-59CE0F54C1D1}.Debug|x64.ActiveCfg = Debug|Any CPU
		{D4F25AD3-818B-4C3F-AF66-59CE0F54C1D1}.Debug|x64.Build.0 = Debug|Any CPU
		{D4F25AD3-818B-4C3F-AF66-59CE0F54C1D1}.Debug|x86.ActiveCfg = Debug|Any CPU
		{D4F25AD3-818B-4C3F-AF66-59CE0F54C1D1}.Debug|x86.Build.0 = Debug|Any CPU
		{D4F25AD3-818B-4C3F-AF66-59CE0F54C1D1}.Release|Any CPU.ActiveCfg = Release|Any CPU
		{D4F25AD3-818B-4C3F-AF66-59CE0F54C1D1}.Release|Any CPU.Build.0 = Release|Any CPU
		{D4F25AD3-818B-4C3F-AF66-59CE0F54C1D1}.Release|x64.ActiveCfg = Release|Any CPU
		{D4F25AD3-818B-4C3F-AF66-59CE0F54C1D1}.Release|x64.Build.0 = Release|Any CPU
		{D4F25AD3-818B-4C3F-AF66-59CE0F54C1D1}.Release|x86.ActiveCfg = Release|Any CPU
		{D4F25AD3-818B-4C3F-AF66-59CE0F54C1D1}.Release|x86.Build.0 = Release|Any CPU
		{43F8C150-A2E1-4F63-BC2A-15CE2E76B0F4}.Debug|Any CPU.ActiveCfg = Debug|Any CPU
		{43F8C150-A2E1-4F63-BC2A-15CE2E76B0F4}.Debug|Any CPU.Build.0 = Debug|Any CPU
		{43F8C150-A2E1-4F63-BC2A-15CE2E76B0F4}.Debug|x64.ActiveCfg = Debug|Any CPU
		{43F8C150-A2E1-4F63-BC2A-15CE2E76B0F4}.Debug|x64.Build.0 = Debug|Any CPU
		{43F8C150-A2E1-4F63-BC2A-15CE2E76B0F4}.Debug|x86.ActiveCfg = Debug|Any CPU
		{43F8C150-A2E1-4F63-BC2A-15CE2E76B0F4}.Debug|x86.Build.0 = Debug|Any CPU
		{43F8C150-A2E1-4F63-BC2A-15CE2E76B0F4}.Release|Any CPU.ActiveCfg = Release|Any CPU
		{43F8C150-A2E1-4F63-BC2A-15CE2E76B0F4}.Release|Any CPU.Build.0 = Release|Any CPU
		{43F8C150-A2E1-4F63-BC2A-15CE2E76B0F4}.Release|x64.ActiveCfg = Release|Any CPU
		{43F8C150-A2E1-4F63-BC2A-15CE2E76B0F4}.Release|x64.Build.0 = Release|Any CPU
		{43F8C150-A2E1-4F63-BC2A-15CE2E76B0F4}.Release|x86.ActiveCfg = Release|Any CPU
		{43F8C150-A2E1-4F63-BC2A-15CE2E76B0F4}.Release|x86.Build.0 = Release|Any CPU
	EndGlobalSection
	GlobalSection(SolutionProperties) = preSolution
		HideSolutionNode = FALSE
	EndGlobalSection
EndGlobal
